// !$*UTF8*$!
{
	archiveVersion = 1;
	classes = {
	};
	objectVersion = 55;
	objects = {

/* Begin PBXBuildFile section */
		E3741FC42840360A00A11CEC /* AppDelegate.swift in Sources */ = {isa = PBXBuildFile; fileRef = E3741FC32840360A00A11CEC /* AppDelegate.swift */; };
		E3741FC62840360A00A11CEC /* SceneDelegate.swift in Sources */ = {isa = PBXBuildFile; fileRef = E3741FC52840360A00A11CEC /* SceneDelegate.swift */; };
		E3741FC82840360A00A11CEC /* ViewController.swift in Sources */ = {isa = PBXBuildFile; fileRef = E3741FC72840360A00A11CEC /* ViewController.swift */; };
		E3741FCB2840360A00A11CEC /* Main.storyboard in Resources */ = {isa = PBXBuildFile; fileRef = E3741FC92840360A00A11CEC /* Main.storyboard */; };
		E3741FCD2840360B00A11CEC /* Assets.xcassets in Resources */ = {isa = PBXBuildFile; fileRef = E3741FCC2840360B00A11CEC /* Assets.xcassets */; };
		E3741FD02840360B00A11CEC /* LaunchScreen.storyboard in Resources */ = {isa = PBXBuildFile; fileRef = E3741FCE2840360B00A11CEC /* LaunchScreen.storyboard */; };
		E38A0C6E2841816F000FBFA4 /* logicalPartVC.swift in Sources */ = {isa = PBXBuildFile; fileRef = E38A0C6D2841816F000FBFA4 /* logicalPartVC.swift */; };
		E39B27F22845531600E80DE2 /* userCoreData.swift in Sources */ = {isa = PBXBuildFile; fileRef = E39B27F12845531600E80DE2 /* userCoreData.swift */; };
		E3D995D52845348E00760241 /* userData.xcdatamodeld in Sources */ = {isa = PBXBuildFile; fileRef = E3D995D32845348E00760241 /* userData.xcdatamodeld */; };
/* End PBXBuildFile section */

/* Begin PBXFileReference section */
		E3741FC02840360A00A11CEC /* FA_Jenish_c0850919_iOS.app */ = {isa = PBXFileReference; explicitFileType = wrapper.application; includeInIndex = 0; path = FA_Jenish_c0850919_iOS.app; sourceTree = BUILT_PRODUCTS_DIR; };
		E3741FC32840360A00A11CEC /* AppDelegate.swift */ = {isa = PBXFileReference; lastKnownFileType = sourcecode.swift; path = AppDelegate.swift; sourceTree = "<group>"; };
		E3741FC52840360A00A11CEC /* SceneDelegate.swift */ = {isa = PBXFileReference; lastKnownFileType = sourcecode.swift; path = SceneDelegate.swift; sourceTree = "<group>"; };
		E3741FC72840360A00A11CEC /* ViewController.swift */ = {isa = PBXFileReference; lastKnownFileType = sourcecode.swift; path = ViewController.swift; sourceTree = "<group>"; };
		E3741FCA2840360A00A11CEC /* Base */ = {isa = PBXFileReference; lastKnownFileType = file.storyboard; name = Base; path = Base.lproj/Main.storyboard; sourceTree = "<group>"; };
		E3741FCC2840360B00A11CEC /* Assets.xcassets */ = {isa = PBXFileReference; lastKnownFileType = folder.assetcatalog; path = Assets.xcassets; sourceTree = "<group>"; };
		E3741FCF2840360B00A11CEC /* Base */ = {isa = PBXFileReference; lastKnownFileType = file.storyboard; name = Base; path = Base.lproj/LaunchScreen.storyboard; sourceTree = "<group>"; };
		E3741FD12840360B00A11CEC /* Info.plist */ = {isa = PBXFileReference; lastKnownFileType = text.plist.xml; path = Info.plist; sourceTree = "<group>"; };
		E38A0C6D2841816F000FBFA4 /* logicalPartVC.swift */ = {isa = PBXFileReference; lastKnownFileType = sourcecode.swift; path = logicalPartVC.swift; sourceTree = "<group>"; };
		E39B27F12845531600E80DE2 /* userCoreData.swift */ = {isa = PBXFileReference; lastKnownFileType = sourcecode.swift; path = userCoreData.swift; sourceTree = "<group>"; };
		E3D995D42845348E00760241 /* userData.xcdatamodel */ = {isa = PBXFileReference; lastKnownFileType = wrapper.xcdatamodel; path = userData.xcdatamodel; sourceTree = "<group>"; };
/* End PBXFileReference section */

/* Begin PBXFrameworksBuildPhase section */
		E3741FBD2840360A00A11CEC /* Frameworks */ = {
			isa = PBXFrameworksBuildPhase;
			buildActionMask = 2147483647;
			files = (
			);
			runOnlyForDeploymentPostprocessing = 0;
		};
/* End PBXFrameworksBuildPhase section */

/* Begin PBXGroup section */
		E3741FB72840360A00A11CEC = {
			isa = PBXGroup;
			children = (
				E3741FC22840360A00A11CEC /* FA_Jenish_c0850919_iOS */,
				E3741FC12840360A00A11CEC /* Products */,
			);
			sourceTree = "<group>";
		};
		E3741FC12840360A00A11CEC /* Products */ = {
			isa = PBXGroup;
			children = (
				E3741FC02840360A00A11CEC /* FA_Jenish_c0850919_iOS.app */,
			);
			name = Products;
			sourceTree = "<group>";
		};
		E3741FC22840360A00A11CEC /* FA_Jenish_c0850919_iOS */ = {
			isa = PBXGroup;
			children = (
				E3741FC32840360A00A11CEC /* AppDelegate.swift */,
				E3741FC52840360A00A11CEC /* SceneDelegate.swift */,
				E3741FC72840360A00A11CEC /* ViewController.swift */,
				E38A0C6D2841816F000FBFA4 /* logicalPartVC.swift */,
				E3741FC92840360A00A11CEC /* Main.storyboard */,
				E3741FCC2840360B00A11CEC /* Assets.xcassets */,
				E3741FCE2840360B00A11CEC /* LaunchScreen.storyboard */,
				E3741FD12840360B00A11CEC /* Info.plist */,
				E3D995D32845348E00760241 /* userData.xcdatamodeld */,
				E39B27F12845531600E80DE2 /* userCoreData.swift */,
			);
			path = FA_Jenish_c0850919_iOS;
			sourceTree = "<group>";
		};
/* End PBXGroup section */

/* Begin PBXNativeTarget section */
		E3741FBF2840360A00A11CEC /* FA_Jenish_c0850919_iOS */ = {
			isa = PBXNativeTarget;
			buildConfigurationList = E3741FD42840360B00A11CEC /* Build configuration list for PBXNativeTarget "FA_Jenish_c0850919_iOS" */;
			buildPhases = (
				E3741FBC2840360A00A11CEC /* Sources */,
				E3741FBD2840360A00A11CEC /* Frameworks */,
				E3741FBE2840360A00A11CEC /* Resources */,
			);
			buildRules = (
			);
			dependencies = (
			);
			name = FA_Jenish_c0850919_iOS;
			productName = FA_Jenish_c0850919_iOS;
			productReference = E3741FC02840360A00A11CEC /* FA_Jenish_c0850919_iOS.app */;
			productType = "com.apple.product-type.application";
		};
/* End PBXNativeTarget section */

/* Begin PBXProject section */
		E3741FB82840360A00A11CEC /* Project object */ = {
			isa = PBXProject;
			attributes = {
				BuildIndependentTargetsInParallel = 1;
				LastSwiftUpdateCheck = 1340;
				LastUpgradeCheck = 1340;
				TargetAttributes = {
					E3741FBF2840360A00A11CEC = {
						CreatedOnToolsVersion = 13.4;
					};
				};
			};
			buildConfigurationList = E3741FBB2840360A00A11CEC /* Build configuration list for PBXProject "FA_Jenish_c0850919_iOS" */;
			compatibilityVersion = "Xcode 13.0";
			developmentRegion = en;
			hasScannedForEncodings = 0;
			knownRegions = (
				en,
				Base,
			);
			mainGroup = E3741FB72840360A00A11CEC;
			productRefGroup = E3741FC12840360A00A11CEC /* Products */;
			projectDirPath = "";
			projectRoot = "";
			targets = (
				E3741FBF2840360A00A11CEC /* FA_Jenish_c0850919_iOS */,
			);
		};
/* End PBXProject section */

/* Begin PBXResourcesBuildPhase section */
		E3741FBE2840360A00A11CEC /* Resources */ = {
			isa = PBXResourcesBuildPhase;
			buildActionMask = 2147483647;
			files = (
				E3741FD02840360B00A11CEC /* LaunchScreen.storyboard in Resources */,
				E3741FCD2840360B00A11CEC /* Assets.xcassets in Resources */,
				E3741FCB2840360A00A11CEC /* Main.storyboard in Resources */,
			);
			runOnlyForDeploymentPostprocessing = 0;
		};
/* End PBXResourcesBuildPhase section */

/* Begin PBXSourcesBuildPhase section */
		E3741FBC2840360A00A11CEC /* Sources */ = {
			isa = PBXSourcesBuildPhase;
			buildActionMask = 2147483647;
			files = (
				E3741FC82840360A00A11CEC /* ViewController.swift in Sources */,
				E38A0C6E2841816F000FBFA4 /* logicalPartVC.swift in Sources */,
				E3741FC42840360A00A11CEC /* AppDelegate.swift in Sources */,
				E3D995D52845348E00760241 /* userData.xcdatamodeld in Sources */,
				E3741FC62840360A00A11CEC /* SceneDelegate.swift in Sources */,
				E39B27F22845531600E80DE2 /* userCoreData.swift in Sources */,
			);
			runOnlyForDeploymentPostprocessing = 0;
		};
/* End PBXSourcesBuildPhase section */

/* Begin PBXVariantGroup section */
		E3741FC92840360A00A11CEC /* Main.storyboard */ = {
			isa = PBXVariantGroup;
			children = (
				E3741FCA2840360A00A11CEC /* Base */,
			);
			name = Main.storyboard;
			sourceTree = "<group>";
		};
		E3741FCE2840360B00A11CEC /* LaunchScreen.storyboard */ = {
			isa = PBXVariantGroup;
			children = (
				E3741FCF2840360B00A11CEC /* Base */,
			);
			name = LaunchScreen.storyboard;
			sourceTree = "<group>";
		};
/* End PBXVariantGroup section */

/* Begin XCBuildConfiguration section */
		E3741FD22840360B00A11CEC /* Debug */ = {
			isa = XCBuildConfiguration;
			buildSettings = {
				ALWAYS_SEARCH_USER_PATHS = NO;
				CLANG_ANALYZER_NONNULL = YES;
				CLANG_ANALYZER_NUMBER_OBJECT_CONVERSION = YES_AGGRESSIVE;
				CLANG_CXX_LANGUAGE_STANDARD = "gnu++17";
				CLANG_ENABLE_MODULES = YES;
				CLANG_ENABLE_OBJC_ARC = YES;
				CLANG_ENABLE_OBJC_WEAK = YES;
				CLANG_WARN_BLOCK_CAPTURE_AUTORELEASING = YES;
				CLANG_WARN_BOOL_CONVERSION = YES;
				CLANG_WARN_COMMA = YES;
				CLANG_WARN_CONSTANT_CONVERSION = YES;
				CLANG_WARN_DEPRECATED_OBJC_IMPLEMENTATIONS = YES;
				CLANG_WARN_DIRECT_OBJC_ISA_USAGE = YES_ERROR;
				CLANG_WARN_DOCUMENTATION_COMMENTS = YES;
				CLANG_WARN_EMPTY_BODY = YES;
				CLANG_WARN_ENUM_CONVERSION = YES;
				CLANG_WARN_INFINITE_RECURSION = YES;
				CLANG_WARN_INT_CONVERSION = YES;
				CLANG_WARN_NON_LITERAL_NULL_CONVERSION = YES;
				CLANG_WARN_OBJC_IMPLICIT_RETAIN_SELF = YES;
				CLANG_WARN_OBJC_LITERAL_CONVERSION = YES;
				CLANG_WARN_OBJC_ROOT_CLASS = YES_ERROR;
				CLANG_WARN_QUOTED_INCLUDE_IN_FRAMEWORK_HEADER = YES;
				CLANG_WARN_RANGE_LOOP_ANALYSIS = YES;
				CLANG_WARN_STRICT_PROTOTYPES = YES;
				CLANG_WARN_SUSPICIOUS_MOVE = YES;
				CLANG_WARN_UNGUARDED_AVAILABILITY = YES_AGGRESSIVE;
				CLANG_WARN_UNREACHABLE_CODE = YES;
				CLANG_WARN__DUPLICATE_METHOD_MATCH = YES;
				COPY_PHASE_STRIP = NO;
				DEBUG_INFORMATION_FORMAT = dwarf;
				ENABLE_STRICT_OBJC_MSGSEND = YES;
				ENABLE_TESTABILITY = YES;
				GCC_C_LANGUAGE_STANDARD = gnu11;
				GCC_DYNAMIC_NO_PIC = NO;
				GCC_NO_COMMON_BLOCKS = YES;
				GCC_OPTIMIZATION_LEVEL = 0;
				GCC_PREPROCESSOR_DEFINITIONS = (
					"DEBUG=1",
					"$(inherited)",
				);
				GCC_WARN_64_TO_32_BIT_CONVERSION = YES;
				GCC_WARN_ABOUT_RETURN_TYPE = YES_ERROR;
				GCC_WARN_UNDECLARED_SELECTOR = YES;
				GCC_WARN_UNINITIALIZED_AUTOS = YES_AGGRESSIVE;
				GCC_WARN_UNUSED_FUNCTION = YES;
				GCC_WARN_UNUSED_VARIABLE = YES;
				IPHONEOS_DEPLOYMENT_TARGET = 15.5;
				MTL_ENABLE_DEBUG_INFO = INCLUDE_SOURCE;
				MTL_FAST_MATH = YES;
				ONLY_ACTIVE_ARCH = YES;
				SDKROOT = iphoneos;
				SWIFT_ACTIVE_COMPILATION_CONDITIONS = DEBUG;
				SWIFT_OPTIMIZATION_LEVEL = "-Onone";
			};
			name = Debug;
		};
		E3741FD32840360B00A11CEC /* Release */ = {
			isa = XCBuildConfiguration;
			buildSettings = {
				ALWAYS_SEARCH_USER_PATHS = NO;
				CLANG_ANALYZER_NONNULL = YES;
				CLANG_ANALYZER_NUMBER_OBJECT_CONVERSION = YES_AGGRESSIVE;
				CLANG_CXX_LANGUAGE_STANDARD = "gnu++17";
				CLANG_ENABLE_MODULES = YES;
				CLANG_ENABLE_OBJC_ARC = YES;
				CLANG_ENABLE_OBJC_WEAK = YES;
				CLANG_WARN_BLOCK_CAPTURE_AUTORELEASING = YES;
				CLANG_WARN_BOOL_CONVERSION = YES;
				CLANG_WARN_COMMA = YES;
				CLANG_WARN_CONSTANT_CONVERSION = YES;
				CLANG_WARN_DEPRECATED_OBJC_IMPLEMENTATIONS = YES;
				CLANG_WARN_DIRECT_OBJC_ISA_USAGE = YES_ERROR;
				CLANG_WARN_DOCUMENTATION_COMMENTS = YES;
				CLANG_WARN_EMPTY_BODY = YES;
				CLANG_WARN_ENUM_CONVERSION = YES;
				CLANG_WARN_INFINITE_RECURSION = YES;
				CLANG_WARN_INT_CONVERSION = YES;
				CLANG_WARN_NON_LITERAL_NULL_CONVERSION = YES;
				CLANG_WARN_OBJC_IMPLICIT_RETAIN_SELF = YES;
				CLANG_WARN_OBJC_LITERAL_CONVERSION = YES;
				CLANG_WARN_OBJC_ROOT_CLASS = YES_ERROR;
				CLANG_WARN_QUOTED_INCLUDE_IN_FRAMEWORK_HEADER = YES;
				CLANG_WARN_RANGE_LOOP_ANALYSIS = YES;
				CLANG_WARN_STRICT_PROTOTYPES = YES;
				CLANG_WARN_SUSPICIOUS_MOVE = YES;
				CLANG_WARN_UNGUARDED_AVAILABILITY = YES_AGGRESSIVE;
				CLANG_WARN_UNREACHABLE_CODE = YES;
				CLANG_WARN__DUPLICATE_METHOD_MATCH = YES;
				COPY_PHASE_STRIP = NO;
				DEBUG_INFORMATION_FORMAT = "dwarf-with-dsym";
				ENABLE_NS_ASSERTIONS = NO;
				ENABLE_STRICT_OBJC_MSGSEND = YES;
				GCC_C_LANGUAGE_STANDARD = gnu11;
				GCC_NO_COMMON_BLOCKS = YES;
				GCC_WARN_64_TO_32_BIT_CONVERSION = YES;
				GCC_WARN_ABOUT_RETURN_TYPE = YES_ERROR;
				GCC_WARN_UNDECLARED_SELECTOR = YES;
				GCC_WARN_UNINITIALIZED_AUTOS = YES_AGGRESSIVE;
				GCC_WARN_UNUSED_FUNCTION = YES;
				GCC_WARN_UNUSED_VARIABLE = YES;
				IPHONEOS_DEPLOYMENT_TARGET = 15.5;
				MTL_ENABLE_DEBUG_INFO = NO;
				MTL_FAST_MATH = YES;
				SDKROOT = iphoneos;
				SWIFT_COMPILATION_MODE = wholemodule;
				SWIFT_OPTIMIZATION_LEVEL = "-O";
				VALIDATE_PRODUCT = YES;
			};
			name = Release;
		};
		E3741FD52840360B00A11CEC /* Debug */ = {
			isa = XCBuildConfiguration;
			buildSettings = {
				ASSETCATALOG_COMPILER_APPICON_NAME = AppIcon;
				ASSETCATALOG_COMPILER_GLOBAL_ACCENT_COLOR_NAME = AccentColor;
				CODE_SIGN_STYLE = Automatic;
				CURRENT_PROJECT_VERSION = 1;
				GENERATE_INFOPLIST_FILE = YES;
				INFOPLIST_FILE = FA_Jenish_c0850919_iOS/Info.plist;
				INFOPLIST_KEY_UIApplicationSupportsIndirectInputEvents = YES;
				INFOPLIST_KEY_UILaunchStoryboardName = LaunchScreen;
				INFOPLIST_KEY_UIMainStoryboardFile = Main;
				INFOPLIST_KEY_UISupportedInterfaceOrientations_iPad = "UIInterfaceOrientationPortrait UIInterfaceOrientationPortraitUpsideDown UIInterfaceOrientationLandscapeLeft UIInterfaceOrientationLandscapeRight";
				INFOPLIST_KEY_UISupportedInterfaceOrientations_iPhone = "UIInterfaceOrientationPortrait UIInterfaceOrientationLandscapeLeft UIInterfaceOrientationLandscapeRight";
				LD_RUNPATH_SEARCH_PATHS = (
					"$(inherited)",
					"@executable_path/Frameworks",
				);
				MARKETING_VERSION = 1.0;
				PRODUCT_BUNDLE_IDENTIFIER = "jenish.FA-Jenish-c0850919-iOS";
				PRODUCT_NAME = "$(TARGET_NAME)";
				SWIFT_EMIT_LOC_STRINGS = YES;
				SWIFT_VERSION = 5.0;
				TARGETED_DEVICE_FAMILY = "1,2";
			};
			name = Debug;
		};
		E3741FD62840360B00A11CEC /* Release */ = {
			isa = XCBuildConfiguration;
			buildSettings = {
				ASSETCATALOG_COMPILER_APPICON_NAME = AppIcon;
				ASSETCATALOG_COMPILER_GLOBAL_ACCENT_COLOR_NAME = AccentColor;
				CODE_SIGN_STYLE = Automatic;
				CURRENT_PROJECT_VERSION = 1;
				GENERATE_INFOPLIST_FILE = YES;
				INFOPLIST_FILE = FA_Jenish_c0850919_iOS/Info.plist;
				INFOPLIST_KEY_UIApplicationSupportsIndirectInputEvents = YES;
				INFOPLIST_KEY_UILaunchStoryboardName = LaunchScreen;
				INFOPLIST_KEY_UIMainStoryboardFile = Main;
				INFOPLIST_KEY_UISupportedInterfaceOrientations_iPad = "UIInterfaceOrientationPortrait UIInterfaceOrientationPortraitUpsideDown UIInterfaceOrientationLandscapeLeft UIInterfaceOrientationLandscapeRight";
				INFOPLIST_KEY_UISupportedInterfaceOrientations_iPhone = "UIInterfaceOrientationPortrait UIInterfaceOrientationLandscapeLeft UIInterfaceOrientationLandscapeRight";
				LD_RUNPATH_SEARCH_PATHS = (
					"$(inherited)",
					"@executable_path/Frameworks",
				);
				MARKETING_VERSION = 1.0;
				PRODUCT_BUNDLE_IDENTIFIER = "jenish.FA-Jenish-c0850919-iOS";
				PRODUCT_NAME = "$(TARGET_NAME)";
				SWIFT_EMIT_LOC_STRINGS = YES;
				SWIFT_VERSION = 5.0;
				TARGETED_DEVICE_FAMILY = "1,2";
			};
			name = Release;
		};
/* End XCBuildConfiguration section */

/* Begin XCConfigurationList section */
		E3741FBB2840360A00A11CEC /* Build configuration list for PBXProject "FA_Jenish_c0850919_iOS" */ = {
			isa = XCConfigurationList;
			buildConfigurations = (
				E3741FD22840360B00A11CEC /* Debug */,
				E3741FD32840360B00A11CEC /* Release */,
			);
			defaultConfigurationIsVisible = 0;
			defaultConfigurationName = Release;
		};
		E3741FD42840360B00A11CEC /* Build configuration list for PBXNativeTarget "FA_Jenish_c0850919_iOS" */ = {
			isa = XCConfigurationList;
			buildConfigurations = (
				E3741FD52840360B00A11CEC /* Debug */,
				E3741FD62840360B00A11CEC /* Release */,
			);
			defaultConfigurationIsVisible = 0;
			defaultConfigurationName = Release;
		};
/* End XCConfigurationList section */

/* Begin XCVersionGroup section */
		E3D995D32845348E00760241 /* userData.xcdatamodeld */ = {
			isa = XCVersionGroup;
			children = (
				E3D995D42845348E00760241 /* userData.xcdatamodel */,
			);
			currentVersion = E3D995D42845348E00760241 /* userData.xcdatamodel */;
			path = userData.xcdatamodeld;
			sourceTree = "<group>";
			versionGroupType = wrapper.xcdatamodel;
		};
/* End XCVersionGroup section */
	};
	rootObject = E3741FB82840360A00A11CEC /* Project object */;
}
